
Microsoft Visual Studio Solution File, Format Version 12.00
# Visual Studio Version 16
VisualStudioVersion = 16.0.31515.178
MinimumVisualStudioVersion = 10.0.40219.1
Project("{FAE04EC0-301F-11D3-BF4B-00C04F79EFBC}") = "open_file", "open_file.csproj", "{C4C8812E-2C33-483F-B2F9-75728DD0B5D0}"
EndProject
Global
	GlobalSection(SolutionConfigurationPlatforms) = preSolution
		Debug|Any CPU = Debug|Any CPU
		Release|Any CPU = Release|Any CPU
	EndGlobalSection
	GlobalSection(ProjectConfigurationPlatforms) = postSolution
		{C4C8812E-2C33-483F-B2F9-75728DD0B5D0}.Debug|Any CPU.ActiveCfg = Debug|Any CPU
		{C4C8812E-2C33-483F-B2F9-75728DD0B5D0}.Debug|Any CPU.Build.0 = Debug|Any CPU
		{C4C8812E-2C33-483F-B2F9-75728DD0B5D0}.Release|Any CPU.ActiveCfg = Release|Any CPU
		{C4C8812E-2C33-483F-B2F9-75728DD0B5D0}.Release|Any CPU.Build.0 = Release|Any CPU
	EndGlobalSection
	GlobalSection(SolutionProperties) = preSolution
		HideSolutionNode = FALSE
	EndGlobalSection
	GlobalSection(ExtensibilityGlobals) = postSolution
		SolutionGuid = {32522F26-E38B-4332-B453-10E323CEB3F6}
	EndGlobalSection
EndGlobal
